<?xml version="1.0" encoding="utf-8"?>
<Project ToolsVersion="4.0" xmlns="http://schemas.microsoft.com/developer/msbuild/2003">
  <ItemGroup>
    <Filter Include="Source Files">
      <UniqueIdentifier>{4FC737F1-C7A5-4376-A066-2A32D752A2FF}</UniqueIdentifier>
      <Extensions>cpp;c;cc;cxx;def;odl;idl;hpj;bat;asm;asmx</Extensions>
    </Filter>
    <Filter Include="Header Files">
      <UniqueIdentifier>{93995380-89BD-4b04-88EB-625FBE52EBFB}</UniqueIdentifier>
      <Extensions>h;hpp;hxx;hm;inl;inc;xsd</Extensions>
    </Filter>
    <Filter Include="Resource Files">
      <UniqueIdentifier>{67DA6AB6-F800-4c08-8B7A-83BB121AAD01}</UniqueIdentifier>
      <Extensions>rc;ico;cur;bmp;dlg;rc2;rct;bin;rgs;gif;jpg;jpeg;jpe;resx;tiff;tif;png;wav</Extensions>
    </Filter>
  </ItemGroup>
  <ItemGroup>
    <ClCompile Include="disp_ogl.cpp">
      <Filter>Source Files</Filter>
    </ClCompile>
    <ClCompile Include="mapdisplay.cpp">
      <Filter>Source Files</Filter>
    </ClCompile>
    <ClCompile Include="OutdoorMapper.cpp">
      <Filter>Source Files</Filter>
    </ClCompile>
    <ClCompile Include="rastermap.cpp">
      <Filter>Source Files</Filter>
    </ClCompile>
    <ClCompile Include="util.cpp">
      <Filter>Source Files</Filter>
    </ClCompile>
    <ClCompile Include="projection.cpp">
      <Filter>Source Files</Filter>
    </ClCompile>
    <ClCompile Include="winwrap.cpp">
      <Filter>Source Files</Filter>
    </ClCompile>
    <ClCompile Include="tiles.cpp">
      <Filter>Source Files</Filter>
    </ClCompile>
    <ClCompile Include="map_geotiff.cpp">
      <Filter>Source Files</Filter>
    </ClCompile>
    <ClCompile Include="map_dhm_advanced.cpp">
      <Filter>Source Files</Filter>
    </ClCompile>
    <ClCompile Include="bezier.cpp">
      <Filter>Source Files</Filter>
    </ClCompile>
    <ClCompile Include="coordinates.cpp">
      <Filter>Source Files</Filter>
    </ClCompile>
    <ClCompile Include="map_gridlines.cpp">
      <Filter>Source Files</Filter>
    </ClCompile>
    <ClCompile Include="map_composite.cpp">
      <Filter>Source Files</Filter>
    </ClCompile>
    <ClCompile Include="pixelbuf.cpp">
      <Filter>Source Files</Filter>
    </ClCompile>
    <ClCompile Include="memjpeg.cpp">
      <Filter>Source Files</Filter>
    </ClCompile>
    <ClCompile Include="map_gvg.cpp">
      <Filter>Source Files</Filter>
    </ClCompile>
  </ItemGroup>
  <ItemGroup>
    <ClInclude Include="disp_ogl.h">
      <Filter>Header Files</Filter>
    </ClInclude>
    <ClInclude Include="mapdisplay.h">
      <Filter>Header Files</Filter>
    </ClInclude>
    <ClInclude Include="rastermap.h">
      <Filter>Header Files</Filter>
    </ClInclude>
    <ClInclude Include="tiles.h">
      <Filter>Header Files</Filter>
    </ClInclude>
    <ClInclude Include="util.h">
      <Filter>Header Files</Filter>
    </ClInclude>
    <ClInclude Include="external\glext.h">
      <Filter>Header Files</Filter>
    </ClInclude>
    <ClInclude Include="projection.h">
      <Filter>Header Files</Filter>
    </ClInclude>
    <ClInclude Include="winwrap.h">
      <Filter>Header Files</Filter>
    </ClInclude>
    <ClInclude Include="map_geotiff.h">
      <Filter>Header Files</Filter>
    </ClInclude>
    <ClInclude Include="odm_config.h">
      <Filter>Header Files</Filter>
    </ClInclude>
    <ClInclude Include="map_dhm_advanced.h">
      <Filter>Header Files</Filter>
    </ClInclude>
    <ClInclude Include="bezier.h">
      <Filter>Header Files</Filter>
    </ClInclude>
    <ClInclude Include="coordinates.h">
      <Filter>Header Files</Filter>
    </ClInclude>
    <ClInclude Include="map_gridlines.h">
      <Filter>Header Files</Filter>
    </ClInclude>
    <ClInclude Include="map_composite.h">
      <Filter>Header Files</Filter>
    </ClInclude>
    <ClInclude Include="pixelbuf.h">
      <Filter>Header Files</Filter>
    </ClInclude>
    <ClInclude Include="memjpeg.h">
      <Filter>Header Files</Filter>
    </ClInclude>
    <ClInclude Include="map_gvg.h">
      <Filter>Header Files</Filter>
    </ClInclude>
  </ItemGroup>
</Project>