<?xml version="1.0" encoding="utf-8"?>
<Project ToolsVersion="4.0" xmlns="http://schemas.microsoft.com/developer/msbuild/2003">
  <ItemGroup>
    <Filter Include="Source Files">
      <UniqueIdentifier>{4FC737F1-C7A5-4376-A066-2A32D752A2FF}</UniqueIdentifier>
      <Extensions>cpp;c;cc;cxx;def;odl;idl;hpj;bat;asm;asmx</Extensions>
    </Filter>
    <Filter Include="Header Files">
      <UniqueIdentifier>{93995380-89BD-4b04-88EB-625FBE52EBFB}</UniqueIdentifier>
      <Extensions>h;hpp;hxx;hm;inl;inc;xsd</Extensions>
    </Filter>
  </ItemGroup>
  <ItemGroup>
    <ClCompile Include="src\disp_ogl.cpp">
      <Filter>Source Files</Filter>
    </ClCompile>
    <ClCompile Include="src\mapdisplay.cpp">
      <Filter>Source Files</Filter>
    </ClCompile>
    <ClCompile Include="src\OutdoorMapper.cpp">
      <Filter>Source Files</Filter>
    </ClCompile>
    <ClCompile Include="src\rastermap.cpp">
      <Filter>Source Files</Filter>
    </ClCompile>
    <ClCompile Include="src\util.cpp">
      <Filter>Source Files</Filter>
    </ClCompile>
    <ClCompile Include="src\projection.cpp">
      <Filter>Source Files</Filter>
    </ClCompile>
    <ClCompile Include="src\winwrap.cpp">
      <Filter>Source Files</Filter>
    </ClCompile>
    <ClCompile Include="src\tiles.cpp">
      <Filter>Source Files</Filter>
    </ClCompile>
    <ClCompile Include="src\map_geotiff.cpp">
      <Filter>Source Files</Filter>
    </ClCompile>
    <ClCompile Include="src\map_dhm_advanced.cpp">
      <Filter>Source Files</Filter>
    </ClCompile>
    <ClCompile Include="src\bezier.cpp">
      <Filter>Source Files</Filter>
    </ClCompile>
    <ClCompile Include="src\coordinates.cpp">
      <Filter>Source Files</Filter>
    </ClCompile>
    <ClCompile Include="src\map_gridlines.cpp">
      <Filter>Source Files</Filter>
    </ClCompile>
    <ClCompile Include="src\map_composite.cpp">
      <Filter>Source Files</Filter>
    </ClCompile>
    <ClCompile Include="src\pixelbuf.cpp">
      <Filter>Source Files</Filter>
    </ClCompile>
    <ClCompile Include="src\memjpeg.cpp">
      <Filter>Source Files</Filter>
    </ClCompile>
    <ClCompile Include="src\map_gvg.cpp">
      <Filter>Source Files</Filter>
    </ClCompile>
  </ItemGroup>
  <ItemGroup>
    <ClInclude Include="include\disp_ogl.h">
      <Filter>Header Files</Filter>
    </ClInclude>
    <ClInclude Include="include\mapdisplay.h">
      <Filter>Header Files</Filter>
    </ClInclude>
    <ClInclude Include="include\rastermap.h">
      <Filter>Header Files</Filter>
    </ClInclude>
    <ClInclude Include="include\tiles.h">
      <Filter>Header Files</Filter>
    </ClInclude>
    <ClInclude Include="include\util.h">
      <Filter>Header Files</Filter>
    </ClInclude>
    <ClInclude Include="include\external\glext.h">
      <Filter>Header Files</Filter>
    </ClInclude>
    <ClInclude Include="include\projection.h">
      <Filter>Header Files</Filter>
    </ClInclude>
    <ClInclude Include="include\winwrap.h">
      <Filter>Header Files</Filter>
    </ClInclude>
    <ClInclude Include="include\map_geotiff.h">
      <Filter>Header Files</Filter>
    </ClInclude>
    <ClInclude Include="include\odm_config.h">
      <Filter>Header Files</Filter>
    </ClInclude>
    <ClInclude Include="include\map_dhm_advanced.h">
      <Filter>Header Files</Filter>
    </ClInclude>
    <ClInclude Include="include\bezier.h">
      <Filter>Header Files</Filter>
    </ClInclude>
    <ClInclude Include="include\coordinates.h">
      <Filter>Header Files</Filter>
    </ClInclude>
    <ClInclude Include="include\map_gridlines.h">
      <Filter>Header Files</Filter>
    </ClInclude>
    <ClInclude Include="include\map_composite.h">
      <Filter>Header Files</Filter>
    </ClInclude>
    <ClInclude Include="include\pixelbuf.h">
      <Filter>Header Files</Filter>
    </ClInclude>
    <ClInclude Include="include\memjpeg.h">
      <Filter>Header Files</Filter>
    </ClInclude>
    <ClInclude Include="include\map_gvg.h">
      <Filter>Header Files</Filter>
    </ClInclude>
    <ClInclude Include="include\display.h">
      <Filter>Header Files</Filter>
    </ClInclude>
    <ClInclude Include="include\external\concurrent_queue.h">
      <Filter>Header Files</Filter>
    </ClInclude>
  </ItemGroup>
</Project>